
Microsoft Visual Studio Solution File, Format Version 12.00
# Visual Studio Version 16
VisualStudioVersion = 16.0.30204.135
MinimumVisualStudioVersion = 10.0.40219.1
Project("{FAE04EC0-301F-11D3-BF4B-00C04F79EFBC}") = "Practica1-Arreglos", "Practica1-Arreglos\Practica1-Arreglos.csproj", "{8379BDC7-A03D-43F7-A8F7-2A78D672CC88}"
EndProject
Global
	GlobalSection(SolutionConfigurationPlatforms) = preSolution
		Debug|Any CPU = Debug|Any CPU
		Release|Any CPU = Release|Any CPU
	EndGlobalSection
	GlobalSection(ProjectConfigurationPlatforms) = postSolution
		{8379BDC7-A03D-43F7-A8F7-2A78D672CC88}.Debug|Any CPU.ActiveCfg = Debug|Any CPU
		{8379BDC7-A03D-43F7-A8F7-2A78D672CC88}.Debug|Any CPU.Build.0 = Debug|Any CPU
		{8379BDC7-A03D-43F7-A8F7-2A78D672CC88}.Release|Any CPU.ActiveCfg = Release|Any CPU
		{8379BDC7-A03D-43F7-A8F7-2A78D672CC88}.Release|Any CPU.Build.0 = Release|Any CPU
	EndGlobalSection
	GlobalSection(SolutionProperties) = preSolution
		HideSolutionNode = FALSE
	EndGlobalSection
	GlobalSection(ExtensibilityGlobals) = postSolution
		SolutionGuid = {8D0B6078-BB53-40E6-8635-A4E0C3C8AD79}
	EndGlobalSection
EndGlobal
